
Microsoft Visual Studio Solution File, Format Version 12.00
# Visual Studio Version 17
VisualStudioVersion = 17.14.36717.8 d17.14
MinimumVisualStudioVersion = 10.0.40219.1
Project("{FAE04EC0-301F-11D3-BF4B-00C04F79EFBC}") = "DiemDanhLopHoc", "DiemDanhLopHoc\DiemDanhLopHoc.csproj", "{5FE97663-5EC8-46A6-B57E-98C17CF845D5}"
EndProject
Global
	GlobalSection(SolutionConfigurationPlatforms) = preSolution
		Debug|Any CPU = Debug|Any CPU
		Release|Any CPU = Release|Any CPU
	EndGlobalSection
	GlobalSection(ProjectConfigurationPlatforms) = postSolution
		{5FE97663-5EC8-46A6-B57E-98C17CF845D5}.Debug|Any CPU.ActiveCfg = Debug|Any CPU
		{5FE97663-5EC8-46A6-B57E-98C17CF845D5}.Debug|Any CPU.Build.0 = Debug|Any CPU
		{5FE97663-5EC8-46A6-B57E-98C17CF845D5}.Release|Any CPU.ActiveCfg = Release|Any CPU
		{5FE97663-5EC8-46A6-B57E-98C17CF845D5}.Release|Any CPU.Build.0 = Release|Any CPU
	EndGlobalSection
	GlobalSection(SolutionProperties) = preSolution
		HideSolutionNode = FALSE
	EndGlobalSection
	GlobalSection(ExtensibilityGlobals) = postSolution
		SolutionGuid = {D1591AF6-A321-49A4-88B6-E42F459F62CD}
	EndGlobalSection
EndGlobal
